
Microsoft Visual Studio Solution File, Format Version 12.00
# Visual Studio 15
VisualStudioVersion = 15.0.28010.2003
MinimumVisualStudioVersion = 10.0.40219.1
Project("{FAE04EC0-301F-11D3-BF4B-00C04F79EFBC}") = "Assemblies", "Assemblies\Assemblies.csproj", "{F34E25BB-2379-4A0C-8809-6F6C151D60E7}"
EndProject
Project("{FAE04EC0-301F-11D3-BF4B-00C04F79EFBC}") = "SharedLibrary", "SharedLibrary\SharedLibrary.csproj", "{4E9149CC-982A-4869-85F5-CEB9910822C6}"
EndProject
Project("{FAE04EC0-301F-11D3-BF4B-00C04F79EFBC}") = "DotNetCoreEverywhere", "DotNetCoreEverywhere\DotNetCoreEverywhere.csproj", "{59551C8C-6C57-4892-AAA1-F574CBBFB42F}"
EndProject
Global
	GlobalSection(SolutionConfigurationPlatforms) = preSolution
		Debug|Any CPU = Debug|Any CPU
		Release|Any CPU = Release|Any CPU
	EndGlobalSection
	GlobalSection(ProjectConfigurationPlatforms) = postSolution
		{F34E25BB-2379-4A0C-8809-6F6C151D60E7}.Debug|Any CPU.ActiveCfg = Debug|Any CPU
		{F34E25BB-2379-4A0C-8809-6F6C151D60E7}.Debug|Any CPU.Build.0 = Debug|Any CPU
		{F34E25BB-2379-4A0C-8809-6F6C151D60E7}.Release|Any CPU.ActiveCfg = Release|Any CPU
		{F34E25BB-2379-4A0C-8809-6F6C151D60E7}.Release|Any CPU.Build.0 = Release|Any CPU
		{4E9149CC-982A-4869-85F5-CEB9910822C6}.Debug|Any CPU.ActiveCfg = Debug|Any CPU
		{4E9149CC-982A-4869-85F5-CEB9910822C6}.Debug|Any CPU.Build.0 = Debug|Any CPU
		{4E9149CC-982A-4869-85F5-CEB9910822C6}.Release|Any CPU.ActiveCfg = Release|Any CPU
		{4E9149CC-982A-4869-85F5-CEB9910822C6}.Release|Any CPU.Build.0 = Release|Any CPU
		{59551C8C-6C57-4892-AAA1-F574CBBFB42F}.Debug|Any CPU.ActiveCfg = Debug|Any CPU
		{59551C8C-6C57-4892-AAA1-F574CBBFB42F}.Debug|Any CPU.Build.0 = Debug|Any CPU
		{59551C8C-6C57-4892-AAA1-F574CBBFB42F}.Release|Any CPU.ActiveCfg = Release|Any CPU
		{59551C8C-6C57-4892-AAA1-F574CBBFB42F}.Release|Any CPU.Build.0 = Release|Any CPU
	EndGlobalSection
	GlobalSection(SolutionProperties) = preSolution
		HideSolutionNode = FALSE
	EndGlobalSection
	GlobalSection(ExtensibilityGlobals) = postSolution
		SolutionGuid = {BE1D3C26-4EB2-4B23-82C0-C18E4C01A6F8}
	EndGlobalSection
EndGlobal
